
Microsoft Visual Studio Solution File, Format Version 12.00
# Visual Studio Version 17
VisualStudioVersion = 17.6.33801.468
MinimumVisualStudioVersion = 10.0.40219.1
Project("{9A19103F-16F7-4668-BE54-9A1E7A4F7556}") = "WebApplication1", "WebApplication1.csproj", "{28298CED-C90B-4FB1-B274-1DCF0874768D}"
EndProject
Global
	GlobalSection(SolutionConfigurationPlatforms) = preSolution
		Debug|Any CPU = Debug|Any CPU
		Release|Any CPU = Release|Any CPU
	EndGlobalSection
	GlobalSection(ProjectConfigurationPlatforms) = postSolution
		{28298CED-C90B-4FB1-B274-1DCF0874768D}.Debug|Any CPU.ActiveCfg = Debug|Any CPU
		{28298CED-C90B-4FB1-B274-1DCF0874768D}.Debug|Any CPU.Build.0 = Debug|Any CPU
		{28298CED-C90B-4FB1-B274-1DCF0874768D}.Release|Any CPU.ActiveCfg = Release|Any CPU
		{28298CED-C90B-4FB1-B274-1DCF0874768D}.Release|Any CPU.Build.0 = Release|Any CPU
	EndGlobalSection
	GlobalSection(SolutionProperties) = preSolution
		HideSolutionNode = FALSE
	EndGlobalSection
	GlobalSection(ExtensibilityGlobals) = postSolution
		SolutionGuid = {A2C7AD4A-299B-49E6-99EC-CCDD53285C20}
	EndGlobalSection
EndGlobal
